
Microsoft Visual Studio Solution File, Format Version 12.00
# Visual Studio Version 16
VisualStudioVersion = 16.0.31321.278
MinimumVisualStudioVersion = 10.0.40219.1
Project("{9A19103F-16F7-4668-BE54-9A1E7A4F7556}") = "ProjectRunner", "ProjectRunner\ProjectRunner.csproj", "{B26C0588-3315-45D4-B194-B320858C435F}"
EndProject
Project("{FAE04EC0-301F-11D3-BF4B-00C04F79EFBC}") = "ProjectRunner.Desktop", "ProjectRunner.Desktop\ProjectRunner.Desktop.csproj", "{B6929241-BA8E-4719-A86F-52B5BF66D108}"
EndProject
Global
	GlobalSection(SolutionConfigurationPlatforms) = preSolution
		Debug|Any CPU = Debug|Any CPU
		Release|Any CPU = Release|Any CPU
	EndGlobalSection
	GlobalSection(ProjectConfigurationPlatforms) = postSolution
		{B26C0588-3315-45D4-B194-B320858C435F}.Debug|Any CPU.ActiveCfg = Debug|Any CPU
		{B26C0588-3315-45D4-B194-B320858C435F}.Debug|Any CPU.Build.0 = Debug|Any CPU
		{B26C0588-3315-45D4-B194-B320858C435F}.Release|Any CPU.ActiveCfg = Release|Any CPU
		{B26C0588-3315-45D4-B194-B320858C435F}.Release|Any CPU.Build.0 = Release|Any CPU
		{B6929241-BA8E-4719-A86F-52B5BF66D108}.Debug|Any CPU.ActiveCfg = Debug|Any CPU
		{B6929241-BA8E-4719-A86F-52B5BF66D108}.Debug|Any CPU.Build.0 = Debug|Any CPU
		{B6929241-BA8E-4719-A86F-52B5BF66D108}.Release|Any CPU.ActiveCfg = Release|Any CPU
		{B6929241-BA8E-4719-A86F-52B5BF66D108}.Release|Any CPU.Build.0 = Release|Any CPU
	EndGlobalSection
	GlobalSection(SolutionProperties) = preSolution
		HideSolutionNode = FALSE
	EndGlobalSection
	GlobalSection(ExtensibilityGlobals) = postSolution
		SolutionGuid = {29BA01B5-3154-42D7-93C7-42B63A9387EE}
	EndGlobalSection
EndGlobal
